
Microsoft Visual Studio Solution File, Format Version 12.00
# Visual Studio Version 17
VisualStudioVersion = 17.7.34202.233
MinimumVisualStudioVersion = 10.0.40219.1
Project("{FAE04EC0-301F-11D3-BF4B-00C04F79EFBC}") = "ProjeFrontDeneme", "ProjeFrontDeneme\ProjeFrontDeneme.csproj", "{DCF43007-C7E8-4818-8BFC-0A9B2F9EADB4}"
EndProject
Global
	GlobalSection(SolutionConfigurationPlatforms) = preSolution
		Debug|Any CPU = Debug|Any CPU
		Release|Any CPU = Release|Any CPU
	EndGlobalSection
	GlobalSection(ProjectConfigurationPlatforms) = postSolution
		{DCF43007-C7E8-4818-8BFC-0A9B2F9EADB4}.Debug|Any CPU.ActiveCfg = Debug|Any CPU
		{DCF43007-C7E8-4818-8BFC-0A9B2F9EADB4}.Debug|Any CPU.Build.0 = Debug|Any CPU
		{DCF43007-C7E8-4818-8BFC-0A9B2F9EADB4}.Release|Any CPU.ActiveCfg = Release|Any CPU
		{DCF43007-C7E8-4818-8BFC-0A9B2F9EADB4}.Release|Any CPU.Build.0 = Release|Any CPU
	EndGlobalSection
	GlobalSection(SolutionProperties) = preSolution
		HideSolutionNode = FALSE
	EndGlobalSection
	GlobalSection(ExtensibilityGlobals) = postSolution
		SolutionGuid = {6547F02B-3830-47D7-B65D-E0B3D6B9498C}
	EndGlobalSection
EndGlobal
